// !$*UTF8*$!
{
	archiveVersion = 1;
	classes = {
	};
	objectVersion = 50;
	objects = {

/* Begin PBXFileReference section */
		3E5F6089289438AC005B87F5 /* generated */ = {isa = PBXFileReference; lastKnownFileType = folder; path = generated; sourceTree = "<group>"; };
		3E5F608A289438AC005B87F5 /* tools */ = {isa = PBXFileReference; lastKnownFileType = folder; path = tools; sourceTree = "<group>"; };
		3E5F608B289438AC005B87F5 /* app_api */ = {isa = PBXFileReference; lastKnownFileType = folder; path = app_api; sourceTree = "<group>"; };
		3E5F608C289438AC005B87F5 /* .DS_Store */ = {isa = PBXFileReference; lastKnownFileType = file; path = .DS_Store; sourceTree = "<group>"; };
		3E5F608D289438AC005B87F5 /* test */ = {isa = PBXFileReference; lastKnownFileType = folder; path = test; sourceTree = "<group>"; };
		3E5F608E289438AC005B87F5 /* bin */ = {isa = PBXFileReference; lastKnownFileType = folder; path = bin; sourceTree = "<group>"; };
		3E5F608F289438AC005B87F5 /* cf2.map */ = {isa = PBXFileReference; lastKnownFileType = "sourcecode.module-map"; path = cf2.map; sourceTree = "<group>"; };
		3E5F6090289438AC005B87F5 /* Makefile */ = {isa = PBXFileReference; lastKnownFileType = sourcecode.make; path = Makefile; sourceTree = "<group>"; };
		3E5F6091289438AC005B87F5 /* include */ = {isa = PBXFileReference; lastKnownFileType = folder; path = include; sourceTree = "<group>"; };
		3E5F6092289438AC005B87F5 /* cf2.elf */ = {isa = PBXFileReference; lastKnownFileType = file; path = cf2.elf; sourceTree = "<group>"; };
		3E5F6093289438AC005B87F5 /* Kconfig */ = {isa = PBXFileReference; lastKnownFileType = text; path = Kconfig; sourceTree = "<group>"; };
		3E5F6094289438AC005B87F5 /* STM32F405.svd */ = {isa = PBXFileReference; lastKnownFileType = text.xml; path = STM32F405.svd; sourceTree = "<group>"; };
		3E5F6095289438AC005B87F5 /* RELEASE_CHECKLIST.md */ = {isa = PBXFileReference; lastKnownFileType = net.daringfireball.markdown; path = RELEASE_CHECKLIST.md; sourceTree = "<group>"; };
		3E5F6096289438AC005B87F5 /* docs */ = {isa = PBXFileReference; lastKnownFileType = folder; path = docs; sourceTree = "<group>"; };
		3E5F6097289438AC005B87F5 /* .gitmodules */ = {isa = PBXFileReference; lastKnownFileType = text; path = .gitmodules; sourceTree = "<group>"; };
		3E5F6098289438AC005B87F5 /* test_python */ = {isa = PBXFileReference; lastKnownFileType = folder; path = test_python; sourceTree = "<group>"; };
		3E5F6099289438AC005B87F5 /* cf2.hex */ = {isa = PBXFileReference; lastKnownFileType = text; path = cf2.hex; sourceTree = "<group>"; };
		3E5F609A289438AC005B87F5 /* README.md */ = {isa = PBXFileReference; lastKnownFileType = net.daringfireball.markdown; path = README.md; sourceTree = "<group>"; };
		3E5F609B289438AC005B87F5 /* Rakefile */ = {isa = PBXFileReference; lastKnownFileType = text; path = Rakefile; sourceTree = "<group>"; };
		3E5F609C289438AC005B87F5 /* cf2.bin */ = {isa = PBXFileReference; lastKnownFileType = archive.macbinary; path = cf2.bin; sourceTree = "<group>"; };
		3E5F609D289438AC005B87F5 /* .gitignore */ = {isa = PBXFileReference; lastKnownFileType = text; path = .gitignore; sourceTree = "<group>"; };
		3E5F609E289438AC005B87F5 /* .settings */ = {isa = PBXFileReference; lastKnownFileType = folder; path = .settings; sourceTree = "<group>"; };
		3E5F609F289438AC005B87F5 /* examples */ = {isa = PBXFileReference; lastKnownFileType = folder; path = examples; sourceTree = "<group>"; };
		3E5F60A0289438AC005B87F5 /* .project */ = {isa = PBXFileReference; lastKnownFileType = text.xml; path = .project; sourceTree = "<group>"; };
		3E5F60A1289438AC005B87F5 /* configs */ = {isa = PBXFileReference; lastKnownFileType = folder; path = configs; sourceTree = "<group>"; };
		3E5F60A2289438AC005B87F5 /* scripts */ = {isa = PBXFileReference; lastKnownFileType = folder; path = scripts; sourceTree = "<group>"; };
		3E5F60A3289438AC005B87F5 /* .github */ = {isa = PBXFileReference; lastKnownFileType = folder; path = .github; sourceTree = "<group>"; };
		3E5F60A4289438AC005B87F5 /* .gitattributes */ = {isa = PBXFileReference; lastKnownFileType = text; path = .gitattributes; sourceTree = "<group>"; };
		3E5F60A5289438AC005B87F5 /* module.json */ = {isa = PBXFileReference; lastKnownFileType = text.json; path = module.json; sourceTree = "<group>"; };
		3E5F60A6289438AC005B87F5 /* .externalToolBuilders */ = {isa = PBXFileReference; lastKnownFileType = folder; path = .externalToolBuilders; sourceTree = "<group>"; };
		3E5F60A7289438AC005B87F5 /* build */ = {isa = PBXFileReference; lastKnownFileType = folder; path = build; sourceTree = "<group>"; };
		3E5F60A8289438AC005B87F5 /* bindings */ = {isa = PBXFileReference; lastKnownFileType = folder; path = bindings; sourceTree = "<group>"; };
		3E5F60A9289438AC005B87F5 /* .cproject */ = {isa = PBXFileReference; lastKnownFileType = text.xml; path = .cproject; sourceTree = "<group>"; };
		3E5F60AA289438AC005B87F5 /* .git */ = {isa = PBXFileReference; lastKnownFileType = folder; path = .git; sourceTree = "<group>"; };
		3E5F60AB289438AC005B87F5 /* LICENSE.txt */ = {isa = PBXFileReference; lastKnownFileType = text; path = LICENSE.txt; sourceTree = "<group>"; };
		3E5F60AC289438AC005B87F5 /* .vscode */ = {isa = PBXFileReference; lastKnownFileType = folder; path = .vscode; sourceTree = "<group>"; };
		3E5F60AD289438AC005B87F5 /* vendor */ = {isa = PBXFileReference; lastKnownFileType = folder; path = vendor; sourceTree = "<group>"; };
		3E5F60AE289438AC005B87F5 /* src */ = {isa = PBXFileReference; lastKnownFileType = folder; path = src; sourceTree = "<group>"; };
/* End PBXFileReference section */

/* Begin PBXGroup section */
		3E5F6083289438AC005B87F5 = {
			isa = PBXGroup;
			children = (
				3E5F6089289438AC005B87F5 /* generated */,
				3E5F608A289438AC005B87F5 /* tools */,
				3E5F608B289438AC005B87F5 /* app_api */,
				3E5F608C289438AC005B87F5 /* .DS_Store */,
				3E5F608D289438AC005B87F5 /* test */,
				3E5F608E289438AC005B87F5 /* bin */,
				3E5F608F289438AC005B87F5 /* cf2.map */,
				3E5F6090289438AC005B87F5 /* Makefile */,
				3E5F6091289438AC005B87F5 /* include */,
				3E5F6092289438AC005B87F5 /* cf2.elf */,
				3E5F6093289438AC005B87F5 /* Kconfig */,
				3E5F6094289438AC005B87F5 /* STM32F405.svd */,
				3E5F6095289438AC005B87F5 /* RELEASE_CHECKLIST.md */,
				3E5F6096289438AC005B87F5 /* docs */,
				3E5F6097289438AC005B87F5 /* .gitmodules */,
				3E5F6098289438AC005B87F5 /* test_python */,
				3E5F6099289438AC005B87F5 /* cf2.hex */,
				3E5F609A289438AC005B87F5 /* README.md */,
				3E5F609B289438AC005B87F5 /* Rakefile */,
				3E5F609C289438AC005B87F5 /* cf2.bin */,
				3E5F609D289438AC005B87F5 /* .gitignore */,
				3E5F609E289438AC005B87F5 /* .settings */,
				3E5F609F289438AC005B87F5 /* examples */,
				3E5F60A0289438AC005B87F5 /* .project */,
				3E5F60A1289438AC005B87F5 /* configs */,
				3E5F60A2289438AC005B87F5 /* scripts */,
				3E5F60A3289438AC005B87F5 /* .github */,
				3E5F60A4289438AC005B87F5 /* .gitattributes */,
				3E5F60A5289438AC005B87F5 /* module.json */,
				3E5F60A6289438AC005B87F5 /* .externalToolBuilders */,
				3E5F60A7289438AC005B87F5 /* build */,
				3E5F60A8289438AC005B87F5 /* bindings */,
				3E5F60A9289438AC005B87F5 /* .cproject */,
				3E5F60AA289438AC005B87F5 /* .git */,
				3E5F60AB289438AC005B87F5 /* LICENSE.txt */,
				3E5F60AC289438AC005B87F5 /* .vscode */,
				3E5F60AD289438AC005B87F5 /* vendor */,
				3E5F60AE289438AC005B87F5 /* src */,
			);
			sourceTree = "<group>";
		};
/* End PBXGroup section */

/* Begin PBXLegacyTarget section */
		3E5F6088289438AC005B87F5 /* crazyflie-firmware */ = {
			isa = PBXLegacyTarget;
			buildArgumentsString = "$(ACTION)";
			buildConfigurationList = 3E5F60AF289438AC005B87F5 /* Build configuration list for PBXLegacyTarget "crazyflie-firmware" */;
			buildPhases = (
			);
			buildToolPath = /usr/bin/make;
			buildWorkingDirectory = "/Users/mahyar/Documents/GitHub/crazyflie-firmware";
			dependencies = (
			);
			name = "crazyflie-firmware";
			passBuildSettingsInEnvironment = 1;
			productName = "crazyflie-firmware";
		};
/* End PBXLegacyTarget section */

/* Begin PBXProject section */
		3E5F6084289438AC005B87F5 /* Project object */ = {
			isa = PBXProject;
			attributes = {
			};
			buildConfigurationList = 3E5F6087289438AC005B87F5 /* Build configuration list for PBXProject "crazyflie-firmware" */;
			compatibilityVersion = "Xcode 9.3";
			developmentRegion = en;
			hasScannedForEncodings = 0;
			knownRegions = (
				en,
			);
			mainGroup = 3E5F6083289438AC005B87F5;
			projectDirPath = "";
			projectRoot = "";
			targets = (
				3E5F6088289438AC005B87F5 /* crazyflie-firmware */,
			);
		};
/* End PBXProject section */

/* Begin XCBuildConfiguration section */
		3E5F6085289438AC005B87F5 /* Debug */ = {
			isa = XCBuildConfiguration;
			buildSettings = {
				ARCHS = "$(ARCHS_STANDARD_32_BIT)";
				COPY_PHASE_STRIP = NO;
				GCC_WARN_ABOUT_RETURN_TYPE = YES;
				GCC_WARN_UNUSED_VARIABLE = YES;
				ONLY_ACTIVE_ARCH = YES;
				SDKROOT = macosx10.6;
			};
			name = Debug;
		};
		3E5F6086289438AC005B87F5 /* Release */ = {
			isa = XCBuildConfiguration;
			buildSettings = {
				ARCHS = "$(ARCHS_STANDARD_32_BIT)";
				COPY_PHASE_STRIP = YES;
				GCC_WARN_ABOUT_RETURN_TYPE = YES;
				GCC_WARN_UNUSED_VARIABLE = YES;
				SDKROOT = macosx10.6;
			};
			name = Release;
		};
		3E5F60B0289438AC005B87F5 /* Debug */ = {
			isa = XCBuildConfiguration;
			buildSettings = {
				COPY_PHASE_STRIP = NO;
				DEBUGGING_SYMBOLS = YES;
				GCC_DYNAMIC_NO_PIC = NO;
				GCC_ENABLE_FIX_AND_CONTINUE = YES;
				GCC_GENERATE_DEBUGGING_SYMBOLS = YES;
				GCC_OPTIMIZATION_LEVEL = 0;
				OTHER_CFLAGS = "";
				OTHER_LDFLAGS = "";
				PRODUCT_NAME = "crazyflie-firmware";
			};
			name = Debug;
		};
		3E5F60B1289438AC005B87F5 /* Release */ = {
			isa = XCBuildConfiguration;
			buildSettings = {
				COPY_PHASE_STRIP = YES;
				DEBUG_INFORMATION_FORMAT = "dwarf-with-dsym";
				GCC_ENABLE_FIX_AND_CONTINUE = NO;
				OTHER_CFLAGS = "";
				OTHER_LDFLAGS = "";
				PRODUCT_NAME = "crazyflie-firmware";
			};
			name = Release;
		};
/* End XCBuildConfiguration section */

/* Begin XCConfigurationList section */
		3E5F6087289438AC005B87F5 /* Build configuration list for PBXProject "crazyflie-firmware" */ = {
			isa = XCConfigurationList;
			buildConfigurations = (
				3E5F6085289438AC005B87F5 /* Debug */,
				3E5F6086289438AC005B87F5 /* Release */,
			);
			defaultConfigurationIsVisible = 0;
			defaultConfigurationName = Release;
		};
		3E5F60AF289438AC005B87F5 /* Build configuration list for PBXLegacyTarget "crazyflie-firmware" */ = {
			isa = XCConfigurationList;
			buildConfigurations = (
				3E5F60B0289438AC005B87F5 /* Debug */,
				3E5F60B1289438AC005B87F5 /* Release */,
			);
			defaultConfigurationIsVisible = 0;
			defaultConfigurationName = Release;
		};
/* End XCConfigurationList section */
	};
	rootObject = 3E5F6084289438AC005B87F5 /* Project object */;
}
